// !$*UTF8*$!
{
	archiveVersion = 1;
	classes = {
	};
	objectVersion = 46;
	objects = {

/* Begin PBXBuildFile section */
		7E9EEE4F1C285A5400E3BD0C /* iWebCrawlerKit.h in CopyFiles */ = {isa = PBXBuildFile; fileRef = 7E9EEE4E1C285A5400E3BD0C /* iWebCrawlerKit.h */; };
		7E9EEE5D1C285ABE00E3BD0C /* WCSettingsVMImpl.m in Sources */ = {isa = PBXBuildFile; fileRef = 7E9EEE5C1C285ABE00E3BD0C /* WCSettingsVMImpl.m */; };
		7EB8A6F91C2872A600A80BB8 /* WCReportVMImpl.m in Sources */ = {isa = PBXBuildFile; fileRef = 7EB8A6F81C2872A600A80BB8 /* WCReportVMImpl.m */; };
		7EB8A6FD1C28753100A80BB8 /* WCSettingsStatePOD.m in Sources */ = {isa = PBXBuildFile; fileRef = 7EB8A6FC1C28753000A80BB8 /* WCSettingsStatePOD.m */; };
/* End PBXBuildFile section */

/* Begin PBXCopyFilesBuildPhase section */
		7E9EEE491C285A5400E3BD0C /* CopyFiles */ = {
			isa = PBXCopyFilesBuildPhase;
			buildActionMask = 2147483647;
			dstPath = "include/$(PRODUCT_NAME)";
			dstSubfolderSpec = 16;
			files = (
				7E9EEE4F1C285A5400E3BD0C /* iWebCrawlerKit.h in CopyFiles */,
			);
			runOnlyForDeploymentPostprocessing = 0;
		};
/* End PBXCopyFilesBuildPhase section */

/* Begin PBXFileReference section */
		7E9EEE4B1C285A5400E3BD0C /* libiWebCrawlerKit.a */ = {isa = PBXFileReference; explicitFileType = archive.ar; includeInIndex = 0; path = libiWebCrawlerKit.a; sourceTree = BUILT_PRODUCTS_DIR; };
		7E9EEE4E1C285A5400E3BD0C /* iWebCrawlerKit.h */ = {isa = PBXFileReference; lastKnownFileType = sourcecode.c.h; path = iWebCrawlerKit.h; sourceTree = "<group>"; };
		7E9EEE581C285A9700E3BD0C /* WCSettingsVM.h */ = {isa = PBXFileReference; fileEncoding = 4; lastKnownFileType = sourcecode.c.h; path = WCSettingsVM.h; sourceTree = "<group>"; };
		7E9EEE591C285AA300E3BD0C /* WCSettingsVMDelegate.h */ = {isa = PBXFileReference; fileEncoding = 4; lastKnownFileType = sourcecode.c.h; path = WCSettingsVMDelegate.h; sourceTree = "<group>"; };
		7E9EEE5B1C285ABE00E3BD0C /* WCSettingsVMImpl.h */ = {isa = PBXFileReference; fileEncoding = 4; lastKnownFileType = sourcecode.c.h; path = WCSettingsVMImpl.h; sourceTree = "<group>"; };
		7E9EEE5C1C285ABE00E3BD0C /* WCSettingsVMImpl.m */ = {isa = PBXFileReference; fileEncoding = 4; lastKnownFileType = sourcecode.c.objc; path = WCSettingsVMImpl.m; sourceTree = "<group>"; };
		7E9EEE681C285D0700E3BD0C /* iWebCrawlerKit.pch */ = {isa = PBXFileReference; lastKnownFileType = sourcecode.c.h; path = iWebCrawlerKit.pch; sourceTree = "<group>"; };
		7EB8A6F51C28729000A80BB8 /* WCReportVM.h */ = {isa = PBXFileReference; fileEncoding = 4; lastKnownFileType = sourcecode.c.h; path = WCReportVM.h; sourceTree = "<group>"; };
		7EB8A6F61C28729A00A80BB8 /* WCReportVMDelegate.h */ = {isa = PBXFileReference; fileEncoding = 4; lastKnownFileType = sourcecode.c.h; path = WCReportVMDelegate.h; sourceTree = "<group>"; };
		7EB8A6F71C2872A600A80BB8 /* WCReportVMImpl.h */ = {isa = PBXFileReference; fileEncoding = 4; lastKnownFileType = sourcecode.c.h; path = WCReportVMImpl.h; sourceTree = "<group>"; };
		7EB8A6F81C2872A600A80BB8 /* WCReportVMImpl.m */ = {isa = PBXFileReference; fileEncoding = 4; lastKnownFileType = sourcecode.c.objc; path = WCReportVMImpl.m; sourceTree = "<group>"; };
		7EB8A6FA1C2874CA00A80BB8 /* WCSettingsState.h */ = {isa = PBXFileReference; fileEncoding = 4; lastKnownFileType = sourcecode.c.h; path = WCSettingsState.h; sourceTree = "<group>"; };
		7EB8A6FB1C28753000A80BB8 /* WCSettingsStatePOD.h */ = {isa = PBXFileReference; fileEncoding = 4; lastKnownFileType = sourcecode.c.h; path = WCSettingsStatePOD.h; sourceTree = "<group>"; };
		7EB8A6FC1C28753000A80BB8 /* WCSettingsStatePOD.m */ = {isa = PBXFileReference; fileEncoding = 4; lastKnownFileType = sourcecode.c.objc; path = WCSettingsStatePOD.m; sourceTree = "<group>"; };
		7EB8A6FF1C287A3100A80BB8 /* WCSearchStatus.h */ = {isa = PBXFileReference; lastKnownFileType = sourcecode.c.h; path = WCSearchStatus.h; sourceTree = "<group>"; };
		7EB8A7001C287D3500A80BB8 /* WCSearchModel.h */ = {isa = PBXFileReference; fileEncoding = 4; lastKnownFileType = sourcecode.c.h; path = WCSearchModel.h; sourceTree = "<group>"; };
		7EB8A7011C287D7800A80BB8 /* WCSearchModelDelegate.h */ = {isa = PBXFileReference; fileEncoding = 4; lastKnownFileType = sourcecode.c.h; path = WCSearchModelDelegate.h; sourceTree = "<group>"; };
/* End PBXFileReference section */

/* Begin PBXFrameworksBuildPhase section */
		7E9EEE481C285A5400E3BD0C /* Frameworks */ = {
			isa = PBXFrameworksBuildPhase;
			buildActionMask = 2147483647;
			files = (
			);
			runOnlyForDeploymentPostprocessing = 0;
		};
/* End PBXFrameworksBuildPhase section */

/* Begin PBXGroup section */
		7E9EEE421C285A5400E3BD0C = {
			isa = PBXGroup;
			children = (
				7E9EEE681C285D0700E3BD0C /* iWebCrawlerKit.pch */,
				7E9EEE4D1C285A5400E3BD0C /* iWebCrawlerKit */,
				7E9EEE4C1C285A5400E3BD0C /* Products */,
			);
			sourceTree = "<group>";
		};
		7E9EEE4C1C285A5400E3BD0C /* Products */ = {
			isa = PBXGroup;
			children = (
				7E9EEE4B1C285A5400E3BD0C /* libiWebCrawlerKit.a */,
			);
			name = Products;
			sourceTree = "<group>";
		};
		7E9EEE4D1C285A5400E3BD0C /* iWebCrawlerKit */ = {
			isa = PBXGroup;
			children = (
				7EB8A6FE1C2879F600A80BB8 /* Model */,
				7EB8A6F41C28728200A80BB8 /* Report */,
				7E9EEE571C285A7800E3BD0C /* Settings */,
				7E9EEE4E1C285A5400E3BD0C /* iWebCrawlerKit.h */,
			);
			path = iWebCrawlerKit;
			sourceTree = "<group>";
		};
		7E9EEE571C285A7800E3BD0C /* Settings */ = {
			isa = PBXGroup;
			children = (
				7EB8A6FA1C2874CA00A80BB8 /* WCSettingsState.h */,
				7E9EEE581C285A9700E3BD0C /* WCSettingsVM.h */,
				7E9EEE591C285AA300E3BD0C /* WCSettingsVMDelegate.h */,
				7E9EEE5B1C285ABE00E3BD0C /* WCSettingsVMImpl.h */,
				7E9EEE5C1C285ABE00E3BD0C /* WCSettingsVMImpl.m */,
				7EB8A6FB1C28753000A80BB8 /* WCSettingsStatePOD.h */,
				7EB8A6FC1C28753000A80BB8 /* WCSettingsStatePOD.m */,
			);
			path = Settings;
			sourceTree = "<group>";
		};
		7EB8A6F41C28728200A80BB8 /* Report */ = {
			isa = PBXGroup;
			children = (
				7EB8A6F51C28729000A80BB8 /* WCReportVM.h */,
				7EB8A6F61C28729A00A80BB8 /* WCReportVMDelegate.h */,
				7EB8A6F71C2872A600A80BB8 /* WCReportVMImpl.h */,
				7EB8A6F81C2872A600A80BB8 /* WCReportVMImpl.m */,
			);
			path = Report;
			sourceTree = "<group>";
		};
		7EB8A6FE1C2879F600A80BB8 /* Model */ = {
			isa = PBXGroup;
			children = (
				7EB8A6FF1C287A3100A80BB8 /* WCSearchStatus.h */,
				7EB8A7001C287D3500A80BB8 /* WCSearchModel.h */,
				7EB8A7011C287D7800A80BB8 /* WCSearchModelDelegate.h */,
			);
			path = Model;
			sourceTree = "<group>";
		};
/* End PBXGroup section */

/* Begin PBXNativeTarget section */
		7E9EEE4A1C285A5400E3BD0C /* iWebCrawlerKit */ = {
			isa = PBXNativeTarget;
			buildConfigurationList = 7E9EEE541C285A5400E3BD0C /* Build configuration list for PBXNativeTarget "iWebCrawlerKit" */;
			buildPhases = (
				7E9EEE471C285A5400E3BD0C /* Sources */,
				7E9EEE481C285A5400E3BD0C /* Frameworks */,
				7E9EEE491C285A5400E3BD0C /* CopyFiles */,
			);
			buildRules = (
			);
			dependencies = (
			);
			name = iWebCrawlerKit;
			productName = iWebCrawlerKit;
			productReference = 7E9EEE4B1C285A5400E3BD0C /* libiWebCrawlerKit.a */;
			productType = "com.apple.product-type.library.static";
		};
/* End PBXNativeTarget section */

/* Begin PBXProject section */
		7E9EEE431C285A5400E3BD0C /* Project object */ = {
			isa = PBXProject;
			attributes = {
				LastUpgradeCheck = 0720;
				ORGANIZATIONNAME = dodikk;
				TargetAttributes = {
					7E9EEE4A1C285A5400E3BD0C = {
						CreatedOnToolsVersion = 7.2;
					};
				};
			};
			buildConfigurationList = 7E9EEE461C285A5400E3BD0C /* Build configuration list for PBXProject "iWebCrawlerKit" */;
			compatibilityVersion = "Xcode 3.2";
			developmentRegion = English;
			hasScannedForEncodings = 0;
			knownRegions = (
				en,
			);
			mainGroup = 7E9EEE421C285A5400E3BD0C;
			productRefGroup = 7E9EEE4C1C285A5400E3BD0C /* Products */;
			projectDirPath = "";
			projectRoot = "";
			targets = (
				7E9EEE4A1C285A5400E3BD0C /* iWebCrawlerKit */,
			);
		};
/* End PBXProject section */

/* Begin PBXSourcesBuildPhase section */
		7E9EEE471C285A5400E3BD0C /* Sources */ = {
			isa = PBXSourcesBuildPhase;
			buildActionMask = 2147483647;
			files = (
				7EB8A6F91C2872A600A80BB8 /* WCReportVMImpl.m in Sources */,
				7E9EEE5D1C285ABE00E3BD0C /* WCSettingsVMImpl.m in Sources */,
				7EB8A6FD1C28753100A80BB8 /* WCSettingsStatePOD.m in Sources */,
			);
			runOnlyForDeploymentPostprocessing = 0;
		};
/* End PBXSourcesBuildPhase section */

/* Begin XCBuildConfiguration section */
		7E9EEE521C285A5400E3BD0C /* Debug */ = {
			isa = XCBuildConfiguration;
			buildSettings = {
				ALWAYS_SEARCH_USER_PATHS = NO;
				CLANG_ANALYZER_SECURITY_FLOATLOOPCOUNTER = YES;
				CLANG_ANALYZER_SECURITY_INSECUREAPI_RAND = YES;
				CLANG_ANALYZER_SECURITY_INSECUREAPI_STRCPY = YES;
				CLANG_CXX_LANGUAGE_STANDARD = "gnu++0x";
				CLANG_CXX_LIBRARY = "libc++";
				CLANG_ENABLE_MODULES = YES;
				CLANG_ENABLE_OBJC_ARC = YES;
				CLANG_WARN_ASSIGN_ENUM = YES;
				CLANG_WARN_BOOL_CONVERSION = YES;
				CLANG_WARN_CONSTANT_CONVERSION = YES;
				CLANG_WARN_CXX0X_EXTENSIONS = YES;
				CLANG_WARN_DIRECT_OBJC_ISA_USAGE = YES_ERROR;
				CLANG_WARN_EMPTY_BODY = YES;
				CLANG_WARN_ENUM_CONVERSION = YES;
				CLANG_WARN_IMPLICIT_SIGN_CONVERSION = YES;
				CLANG_WARN_INT_CONVERSION = YES;
				CLANG_WARN_NULLABLE_TO_NONNULL_CONVERSION = YES;
				CLANG_WARN_OBJC_IMPLICIT_ATOMIC_PROPERTIES = YES;
				CLANG_WARN_OBJC_IMPLICIT_RETAIN_SELF = YES;
				CLANG_WARN_OBJC_REPEATED_USE_OF_WEAK = YES;
				CLANG_WARN_OBJC_ROOT_CLASS = YES_ERROR;
				CLANG_WARN_SUSPICIOUS_IMPLICIT_CONVERSION = YES;
				CLANG_WARN_UNREACHABLE_CODE = YES;
				CLANG_WARN__DUPLICATE_METHOD_MATCH = YES;
				CLANG_WARN__EXIT_TIME_DESTRUCTORS = YES;
				"CODE_SIGN_IDENTITY[sdk=iphoneos*]" = "iPhone Developer";
				COPY_PHASE_STRIP = NO;
				DEBUG_INFORMATION_FORMAT = dwarf;
				ENABLE_STRICT_OBJC_MSGSEND = YES;
				ENABLE_TESTABILITY = YES;
				GCC_C_LANGUAGE_STANDARD = gnu99;
				GCC_DYNAMIC_NO_PIC = NO;
				GCC_INCREASE_PRECOMPILED_HEADER_SHARING = YES;
				GCC_NO_COMMON_BLOCKS = YES;
				GCC_OPTIMIZATION_LEVEL = 0;
				GCC_PRECOMPILE_PREFIX_HEADER = YES;
				GCC_PREFIX_HEADER = iWebCrawlerKit.pch;
				GCC_PREPROCESSOR_DEFINITIONS = (
					"DEBUG=1",
					"$(inherited)",
				);
				GCC_TREAT_WARNINGS_AS_ERRORS = YES;
				GCC_WARN_64_TO_32_BIT_CONVERSION = YES;
				GCC_WARN_ABOUT_RETURN_TYPE = YES_ERROR;
				GCC_WARN_NON_VIRTUAL_DESTRUCTOR = YES;
				GCC_WARN_PEDANTIC = YES;
				GCC_WARN_SHADOW = YES;
				GCC_WARN_SIGN_COMPARE = YES;
				GCC_WARN_UNDECLARED_SELECTOR = YES;
				GCC_WARN_UNINITIALIZED_AUTOS = YES_AGGRESSIVE;
				GCC_WARN_UNUSED_FUNCTION = YES;
				GCC_WARN_UNUSED_VARIABLE = YES;
				HEADER_SEARCH_PATHS = .;
				IPHONEOS_DEPLOYMENT_TARGET = 9.2;
				MTL_ENABLE_DEBUG_INFO = YES;
				ONLY_ACTIVE_ARCH = YES;
				SDKROOT = iphoneos;
			};
			name = Debug;
		};
		7E9EEE531C285A5400E3BD0C /* Release */ = {
			isa = XCBuildConfiguration;
			buildSettings = {
				ALWAYS_SEARCH_USER_PATHS = NO;
				CLANG_ANALYZER_SECURITY_FLOATLOOPCOUNTER = YES;
				CLANG_ANALYZER_SECURITY_INSECUREAPI_RAND = YES;
				CLANG_ANALYZER_SECURITY_INSECUREAPI_STRCPY = YES;
				CLANG_CXX_LANGUAGE_STANDARD = "gnu++0x";
				CLANG_CXX_LIBRARY = "libc++";
				CLANG_ENABLE_MODULES = YES;
				CLANG_ENABLE_OBJC_ARC = YES;
				CLANG_WARN_ASSIGN_ENUM = YES;
				CLANG_WARN_BOOL_CONVERSION = YES;
				CLANG_WARN_CONSTANT_CONVERSION = YES;
				CLANG_WARN_CXX0X_EXTENSIONS = YES;
				CLANG_WARN_DIRECT_OBJC_ISA_USAGE = YES_ERROR;
				CLANG_WARN_EMPTY_BODY = YES;
				CLANG_WARN_ENUM_CONVERSION = YES;
				CLANG_WARN_IMPLICIT_SIGN_CONVERSION = YES;
				CLANG_WARN_INT_CONVERSION = YES;
				CLANG_WARN_NULLABLE_TO_NONNULL_CONVERSION = YES;
				CLANG_WARN_OBJC_IMPLICIT_ATOMIC_PROPERTIES = YES;
				CLANG_WARN_OBJC_IMPLICIT_RETAIN_SELF = YES;
				CLANG_WARN_OBJC_REPEATED_USE_OF_WEAK = YES;
				CLANG_WARN_OBJC_ROOT_CLASS = YES_ERROR;
				CLANG_WARN_SUSPICIOUS_IMPLICIT_CONVERSION = YES;
				CLANG_WARN_UNREACHABLE_CODE = YES;
				CLANG_WARN__DUPLICATE_METHOD_MATCH = YES;
				CLANG_WARN__EXIT_TIME_DESTRUCTORS = YES;
				"CODE_SIGN_IDENTITY[sdk=iphoneos*]" = "iPhone Developer";
				COPY_PHASE_STRIP = NO;
				DEBUG_INFORMATION_FORMAT = "dwarf-with-dsym";
				ENABLE_NS_ASSERTIONS = NO;
				ENABLE_STRICT_OBJC_MSGSEND = YES;
				GCC_C_LANGUAGE_STANDARD = gnu99;
				GCC_INCREASE_PRECOMPILED_HEADER_SHARING = YES;
				GCC_NO_COMMON_BLOCKS = YES;
				GCC_PRECOMPILE_PREFIX_HEADER = YES;
				GCC_PREFIX_HEADER = iWebCrawlerKit.pch;
				GCC_TREAT_WARNINGS_AS_ERRORS = YES;
				GCC_WARN_64_TO_32_BIT_CONVERSION = YES;
				GCC_WARN_ABOUT_RETURN_TYPE = YES_ERROR;
				GCC_WARN_NON_VIRTUAL_DESTRUCTOR = YES;
				GCC_WARN_PEDANTIC = YES;
				GCC_WARN_SHADOW = YES;
				GCC_WARN_SIGN_COMPARE = YES;
				GCC_WARN_UNDECLARED_SELECTOR = YES;
				GCC_WARN_UNINITIALIZED_AUTOS = YES_AGGRESSIVE;
				GCC_WARN_UNUSED_FUNCTION = YES;
				GCC_WARN_UNUSED_VARIABLE = YES;
				HEADER_SEARCH_PATHS = .;
				IPHONEOS_DEPLOYMENT_TARGET = 9.2;
				MTL_ENABLE_DEBUG_INFO = NO;
				SDKROOT = iphoneos;
				VALIDATE_PRODUCT = YES;
			};
			name = Release;
		};
		7E9EEE551C285A5400E3BD0C /* Debug */ = {
			isa = XCBuildConfiguration;
			buildSettings = {
				OTHER_LDFLAGS = "-ObjC";
				PRODUCT_NAME = "$(TARGET_NAME)";
				SKIP_INSTALL = YES;
			};
			name = Debug;
		};
		7E9EEE561C285A5400E3BD0C /* Release */ = {
			isa = XCBuildConfiguration;
			buildSettings = {
				OTHER_LDFLAGS = "-ObjC";
				PRODUCT_NAME = "$(TARGET_NAME)";
				SKIP_INSTALL = YES;
			};
			name = Release;
		};
/* End XCBuildConfiguration section */

/* Begin XCConfigurationList section */
		7E9EEE461C285A5400E3BD0C /* Build configuration list for PBXProject "iWebCrawlerKit" */ = {
			isa = XCConfigurationList;
			buildConfigurations = (
				7E9EEE521C285A5400E3BD0C /* Debug */,
				7E9EEE531C285A5400E3BD0C /* Release */,
			);
			defaultConfigurationIsVisible = 0;
			defaultConfigurationName = Release;
		};
		7E9EEE541C285A5400E3BD0C /* Build configuration list for PBXNativeTarget "iWebCrawlerKit" */ = {
			isa = XCConfigurationList;
			buildConfigurations = (
				7E9EEE551C285A5400E3BD0C /* Debug */,
				7E9EEE561C285A5400E3BD0C /* Release */,
			);
			defaultConfigurationIsVisible = 0;
			defaultConfigurationName = Release;
		};
/* End XCConfigurationList section */
	};
	rootObject = 7E9EEE431C285A5400E3BD0C /* Project object */;
}
